{
  "name": "maze",
  "version": "1.0.0",
  "lockfileVersion": 1,
  "requires": true,
  "dependencies": {
    "argparse": {
      "version": "0.1.16",
      "resolved": "https://registry.npmjs.org/argparse/-/argparse-0.1.16.tgz",
      "integrity": "sha1-z9AeD7uj1srtBJ+9dY1A9lGW9Xw=",
      "requires": {
        "underscore": "~1.7.0",
        "underscore.string": "~2.4.0"
      },
      "dependencies": {
        "underscore": {
          "version": "1.7.0",
          "resolved": "https://registry.npmjs.org/underscore/-/underscore-1.7.0.tgz",
          "integrity": "sha1-a7rwh3UA02vjTsqlhODbn+8DUgk="
        }
      }
    },
    "esprima": {
      "version": "1.0.4",
      "resolved": "https://registry.npmjs.org/esprima/-/esprima-1.0.4.tgz",
      "integrity": "sha1-n1V+CPw7TSbs6d00+Pv0drYlha0="
    },
    "js-yaml": {
      "version": "2.1.3",
      "resolved": "https://registry.npmjs.org/js-yaml/-/js-yaml-2.1.3.tgz",
      "integrity": "sha1-D/tWF75VUlh4Bj16Fq7n/dKC6Ew=",
      "requires": {
        "argparse": "~ 0.1.11",
        "esprima": "~ 1.0.2"
      }
    },
    "matter": {
      "version": "0.2.0",
      "resolved": "https://registry.npmjs.org/matter/-/matter-0.2.0.tgz",
      "integrity": "sha1-iSxq90U4n3iGYSEHVYB/OdwBL/o=",
      "requires": {
        "js-yaml": "~2.1.0",
        "underscore": "~1.5.2"
      }
    },
    "matter-js": {
      "version": "0.16.1",
      "resolved": "https://registry.npmjs.org/matter-js/-/matter-js-0.16.1.tgz",
      "integrity": "sha512-P3nvyqTa7xxNOYbTtFVQFj9z9nf4Lyo9uHvncEXEUnyxYl4ntSjlnU73/ejFH6IUxpekDR9wqpnA1WvRdQ9B6A=="
    },
    "p5": {
      "version": "1.2.0",
      "resolved": "https://registry.npmjs.org/p5/-/p5-1.2.0.tgz",
      "integrity": "sha512-om9CSZXjw+BdC/u474nUtrVXAqeSRHNBDteDpIhQqgypziE+hh9BUc/YNl3RT5rX3kNtQlLes2S2sRqFU+S+JA=="
    },
    "underscore": {
      "version": "1.5.2",
      "resolved": "https://registry.npmjs.org/underscore/-/underscore-1.5.2.tgz",
      "integrity": "sha1-EzXF5PXm0zu7SwBrqMhqAPVW3gg="
    },
    "underscore.string": {
      "version": "2.4.0",
      "resolved": "https://registry.npmjs.org/underscore.string/-/underscore.string-2.4.0.tgz",
      "integrity": "sha1-jN2PusTi0uoefi6Al8QvRCKA+Fs="
    }
  }
}
